
Microsoft Visual Studio Solution File, Format Version 12.00
# Visual Studio Version 17
VisualStudioVersion = 17.8.34601.278
MinimumVisualStudioVersion = 10.0.40219.1
Project("{9A19103F-16F7-4668-BE54-9A1E7A4F7556}") = "Pos2.api", "Pos2.api\Pos2.api.csproj", "{A99E3BCB-498C-4EFD-A8DC-08266DCB9DD8}"
EndProject
Project("{9A19103F-16F7-4668-BE54-9A1E7A4F7556}") = "Pos2.entities", "Pos2.entities\Pos2.entities.csproj", "{A5C98110-3268-445C-A0C3-E7BEF293ADD9}"
EndProject
Project("{9A19103F-16F7-4668-BE54-9A1E7A4F7556}") = "Pos2.services", "Pos2.services\Pos2.services.csproj", "{A739A98B-53F7-483F-B131-48E5C9D7AA7E}"
EndProject
Project("{FAE04EC0-301F-11D3-BF4B-00C04F79EFBC}") = "Pos2.Models", "Pos2.Models\Pos2.Models.csproj", "{518936E3-E44A-4041-A68B-6A245A0FBB6C}"
EndProject
Global
	GlobalSection(SolutionConfigurationPlatforms) = preSolution
		Debug|Any CPU = Debug|Any CPU
		Release|Any CPU = Release|Any CPU
	EndGlobalSection
	GlobalSection(ProjectConfigurationPlatforms) = postSolution
		{A99E3BCB-498C-4EFD-A8DC-08266DCB9DD8}.Debug|Any CPU.ActiveCfg = Debug|Any CPU
		{A99E3BCB-498C-4EFD-A8DC-08266DCB9DD8}.Debug|Any CPU.Build.0 = Debug|Any CPU
		{A99E3BCB-498C-4EFD-A8DC-08266DCB9DD8}.Release|Any CPU.ActiveCfg = Release|Any CPU
		{A99E3BCB-498C-4EFD-A8DC-08266DCB9DD8}.Release|Any CPU.Build.0 = Release|Any CPU
		{A5C98110-3268-445C-A0C3-E7BEF293ADD9}.Debug|Any CPU.ActiveCfg = Debug|Any CPU
		{A5C98110-3268-445C-A0C3-E7BEF293ADD9}.Debug|Any CPU.Build.0 = Debug|Any CPU
		{A5C98110-3268-445C-A0C3-E7BEF293ADD9}.Release|Any CPU.ActiveCfg = Release|Any CPU
		{A5C98110-3268-445C-A0C3-E7BEF293ADD9}.Release|Any CPU.Build.0 = Release|Any CPU
		{A739A98B-53F7-483F-B131-48E5C9D7AA7E}.Debug|Any CPU.ActiveCfg = Debug|Any CPU
		{A739A98B-53F7-483F-B131-48E5C9D7AA7E}.Debug|Any CPU.Build.0 = Debug|Any CPU
		{A739A98B-53F7-483F-B131-48E5C9D7AA7E}.Release|Any CPU.ActiveCfg = Release|Any CPU
		{A739A98B-53F7-483F-B131-48E5C9D7AA7E}.Release|Any CPU.Build.0 = Release|Any CPU
		{518936E3-E44A-4041-A68B-6A245A0FBB6C}.Debug|Any CPU.ActiveCfg = Debug|Any CPU
		{518936E3-E44A-4041-A68B-6A245A0FBB6C}.Debug|Any CPU.Build.0 = Debug|Any CPU
		{518936E3-E44A-4041-A68B-6A245A0FBB6C}.Release|Any CPU.ActiveCfg = Release|Any CPU
		{518936E3-E44A-4041-A68B-6A245A0FBB6C}.Release|Any CPU.Build.0 = Release|Any CPU
	EndGlobalSection
	GlobalSection(SolutionProperties) = preSolution
		HideSolutionNode = FALSE
	EndGlobalSection
	GlobalSection(ExtensibilityGlobals) = postSolution
		SolutionGuid = {213E6281-92C1-405E-BD7B-08015D1F2BED}
	EndGlobalSection
EndGlobal
